
Microsoft Visual Studio Solution File, Format Version 12.00
# Visual Studio Version 16
VisualStudioVersion = 16.0.30804.86
MinimumVisualStudioVersion = 10.0.40219.1
Project("{9A19103F-16F7-4668-BE54-9A1E7A4F7556}") = "Domain", "Domain\Domain.csproj", "{7EE724BC-2F39-4612-BDF4-577C247E488C}"
EndProject
Project("{9A19103F-16F7-4668-BE54-9A1E7A4F7556}") = "UseCase", "UseCase\UseCase.csproj", "{D68F71A3-9203-4566-8009-22882B4A8888}"
EndProject
Project("{9A19103F-16F7-4668-BE54-9A1E7A4F7556}") = "InMemoryInfrastructure", "InMemoryInfrastructure\InMemoryInfrastructure.csproj", "{50900D04-755A-4120-A430-4B9BFC0E7AF4}"
EndProject
Project("{9A19103F-16F7-4668-BE54-9A1E7A4F7556}") = "MySqlInfrastructure", "MySqlInfrastructure\MySqlInfrastructure.csproj", "{0690FE4A-4D75-42E5-87F9-2070F3DE06D4}"
EndProject
Project("{FAE04EC0-301F-11D3-BF4B-00C04F79EFBC}") = "ConsoleApp", "ConsoleApp\ConsoleApp.csproj", "{90833266-51B2-471C-B506-8C15A11DB67A}"
EndProject
Global
	GlobalSection(SolutionConfigurationPlatforms) = preSolution
		Debug|Any CPU = Debug|Any CPU
		Release|Any CPU = Release|Any CPU
	EndGlobalSection
	GlobalSection(ProjectConfigurationPlatforms) = postSolution
		{7EE724BC-2F39-4612-BDF4-577C247E488C}.Debug|Any CPU.ActiveCfg = Debug|Any CPU
		{7EE724BC-2F39-4612-BDF4-577C247E488C}.Debug|Any CPU.Build.0 = Debug|Any CPU
		{7EE724BC-2F39-4612-BDF4-577C247E488C}.Release|Any CPU.ActiveCfg = Release|Any CPU
		{7EE724BC-2F39-4612-BDF4-577C247E488C}.Release|Any CPU.Build.0 = Release|Any CPU
		{D68F71A3-9203-4566-8009-22882B4A8888}.Debug|Any CPU.ActiveCfg = Debug|Any CPU
		{D68F71A3-9203-4566-8009-22882B4A8888}.Debug|Any CPU.Build.0 = Debug|Any CPU
		{D68F71A3-9203-4566-8009-22882B4A8888}.Release|Any CPU.ActiveCfg = Release|Any CPU
		{D68F71A3-9203-4566-8009-22882B4A8888}.Release|Any CPU.Build.0 = Release|Any CPU
		{50900D04-755A-4120-A430-4B9BFC0E7AF4}.Debug|Any CPU.ActiveCfg = Debug|Any CPU
		{50900D04-755A-4120-A430-4B9BFC0E7AF4}.Debug|Any CPU.Build.0 = Debug|Any CPU
		{50900D04-755A-4120-A430-4B9BFC0E7AF4}.Release|Any CPU.ActiveCfg = Release|Any CPU
		{50900D04-755A-4120-A430-4B9BFC0E7AF4}.Release|Any CPU.Build.0 = Release|Any CPU
		{0690FE4A-4D75-42E5-87F9-2070F3DE06D4}.Debug|Any CPU.ActiveCfg = Debug|Any CPU
		{0690FE4A-4D75-42E5-87F9-2070F3DE06D4}.Debug|Any CPU.Build.0 = Debug|Any CPU
		{0690FE4A-4D75-42E5-87F9-2070F3DE06D4}.Release|Any CPU.ActiveCfg = Release|Any CPU
		{0690FE4A-4D75-42E5-87F9-2070F3DE06D4}.Release|Any CPU.Build.0 = Release|Any CPU
		{90833266-51B2-471C-B506-8C15A11DB67A}.Debug|Any CPU.ActiveCfg = Debug|Any CPU
		{90833266-51B2-471C-B506-8C15A11DB67A}.Debug|Any CPU.Build.0 = Debug|Any CPU
		{90833266-51B2-471C-B506-8C15A11DB67A}.Release|Any CPU.ActiveCfg = Release|Any CPU
		{90833266-51B2-471C-B506-8C15A11DB67A}.Release|Any CPU.Build.0 = Release|Any CPU
	EndGlobalSection
	GlobalSection(SolutionProperties) = preSolution
		HideSolutionNode = FALSE
	EndGlobalSection
	GlobalSection(ExtensibilityGlobals) = postSolution
		SolutionGuid = {A5458C27-4673-4F4A-981E-A3DE873F1FFA}
	EndGlobalSection
EndGlobal
